// !$*UTF8*$!
{
	archiveVersion = 1;
	classes = {
	};
	objectVersion = 55;
	objects = {

/* Begin PBXBuildFile section */
		5A0C47BD27EDB13C003CA803 /* YouTubePlayerKit in Frameworks */ = {isa = PBXBuildFile; productRef = 5A0C47BC27EDB13C003CA803 /* YouTubePlayerKit */; };
		5A12558A27E359EE0066DBCA /* bodyRegions_ButtonView.swift in Sources */ = {isa = PBXBuildFile; fileRef = 5A12558927E359EE0066DBCA /* bodyRegions_ButtonView.swift */; };
		5A223F0E27E867F10020595D /* WorkOutExercises.json in Resources */ = {isa = PBXBuildFile; fileRef = 5A624C0527E164A80024899E /* WorkOutExercises.json */; };
		5A34AE5C27DA4E3D000842B9 /* ExerciseModel.swift in Sources */ = {isa = PBXBuildFile; fileRef = 5A34AE5B27DA4E3D000842B9 /* ExerciseModel.swift */; };
		5A34AE5F27DA5153000842B9 /* StrengthBodyRegions.json in Resources */ = {isa = PBXBuildFile; fileRef = 5A34AE5E27DA5153000842B9 /* StrengthBodyRegions.json */; };
		5A34AE6227DA6902000842B9 /* JsonBundle.swift in Sources */ = {isa = PBXBuildFile; fileRef = 5A34AE6127DA6902000842B9 /* JsonBundle.swift */; };
		5A34AE6427DA695B000842B9 /* UIFunctions.swift in Sources */ = {isa = PBXBuildFile; fileRef = 5A34AE6327DA695B000842B9 /* UIFunctions.swift */; };
		5A353AAD27F434F2001E3652 /* LogDisclosureGroup_View.swift in Sources */ = {isa = PBXBuildFile; fileRef = 5A353AAC27F434F2001E3652 /* LogDisclosureGroup_View.swift */; };
		5A353AAF27F4B465001E3652 /* Notes.swift in Sources */ = {isa = PBXBuildFile; fileRef = 5A353AAE27F4B465001E3652 /* Notes.swift */; };
		5A614F8427EF2B45006FC375 /* YTPlayer_view.swift in Sources */ = {isa = PBXBuildFile; fileRef = 5A614F8327EF2B45006FC375 /* YTPlayer_view.swift */; };
		5A614F8627EF2C48006FC375 /* AsyncImage_view.swift in Sources */ = {isa = PBXBuildFile; fileRef = 5A614F8527EF2C48006FC375 /* AsyncImage_view.swift */; };
		5A614F8B27EF364E006FC375 /* SwiftUIPager in Frameworks */ = {isa = PBXBuildFile; productRef = 5A614F8A27EF364E006FC375 /* SwiftUIPager */; };
		5A614F8E27F321CB006FC375 /* Log_detailView.swift in Sources */ = {isa = PBXBuildFile; fileRef = 5A614F8D27F321CB006FC375 /* Log_detailView.swift */; };
		5A624C0627E164A80024899E /* WorkOutExercises.json in Sources */ = {isa = PBXBuildFile; fileRef = 5A624C0527E164A80024899E /* WorkOutExercises.json */; };
		5A6A713527C90980003EB4CF /* StrengthCategoryModel.swift in Sources */ = {isa = PBXBuildFile; fileRef = 5A6A713427C90980003EB4CF /* StrengthCategoryModel.swift */; };
		5A6D1A9C281AB05100E410B9 /* TrainableTests.swift in Sources */ = {isa = PBXBuildFile; fileRef = 5A6D1A9B281AB05100E410B9 /* TrainableTests.swift */; };
		5A6D1AA9281AB3BA00E410B9 /* TrainableUITests.swift in Sources */ = {isa = PBXBuildFile; fileRef = 5A6D1AA8281AB3BA00E410B9 /* TrainableUITests.swift */; };
		5A6D1AAB281AB3BA00E410B9 /* TrainableUITestsLaunchTests.swift in Sources */ = {isa = PBXBuildFile; fileRef = 5A6D1AAA281AB3BA00E410B9 /* TrainableUITestsLaunchTests.swift */; };
		5A70BF1D27C017FF00B3306D /* BodyRegionsListView.swift in Sources */ = {isa = PBXBuildFile; fileRef = 5A70BF1C27C017FF00B3306D /* BodyRegionsListView.swift */; };
		5AA3BCE827BE730100B86994 /* TrainableApp.swift in Sources */ = {isa = PBXBuildFile; fileRef = 5AA3BCE727BE730100B86994 /* TrainableApp.swift */; };
		5AA3BCEA27BE730100B86994 /* WorkOutCategoriesView.swift in Sources */ = {isa = PBXBuildFile; fileRef = 5AA3BCE927BE730100B86994 /* WorkOutCategoriesView.swift */; };
		5AA3BCEC27BE730200B86994 /* Assets.xcassets in Resources */ = {isa = PBXBuildFile; fileRef = 5AA3BCEB27BE730200B86994 /* Assets.xcassets */; };
		5AA3BCEF27BE730200B86994 /* Preview Assets.xcassets in Resources */ = {isa = PBXBuildFile; fileRef = 5AA3BCEE27BE730200B86994 /* Preview Assets.xcassets */; };
		5AA3BCFA27BE770900B86994 /* TabNavView.swift in Sources */ = {isa = PBXBuildFile; fileRef = 5AA3BCF927BE770900B86994 /* TabNavView.swift */; };
		5AA3BCFC27BEA74400B86994 /* FoodCategoriesView.swift in Sources */ = {isa = PBXBuildFile; fileRef = 5AA3BCFB27BEA74400B86994 /* FoodCategoriesView.swift */; };
		5AA3BCFE27BEB4B000B86994 /* LogView.swift in Sources */ = {isa = PBXBuildFile; fileRef = 5AA3BCFD27BEB4B000B86994 /* LogView.swift */; };
		5AA3BD0027BEB4D100B86994 /* TimerView.swift in Sources */ = {isa = PBXBuildFile; fileRef = 5AA3BCFF27BEB4D100B86994 /* TimerView.swift */; };
		5AA3BD0227BEB4E900B86994 /* ExercisesIdeaView.swift in Sources */ = {isa = PBXBuildFile; fileRef = 5AA3BD0127BEB4E900B86994 /* ExercisesIdeaView.swift */; };
		5ABCE94427CEC5F100E4CA8D /* ExercisesListView.swift in Sources */ = {isa = PBXBuildFile; fileRef = 5ABCE94327CEC5F100E4CA8D /* ExercisesListView.swift */; };
		5ABCE94827CEC62800E4CA8D /* Exercise_DetailView.swift in Sources */ = {isa = PBXBuildFile; fileRef = 5ABCE94727CEC62800E4CA8D /* Exercise_DetailView.swift */; };
		5AC9E0D127E7829A0004324F /* ExerciseList_ButtonView.swift in Sources */ = {isa = PBXBuildFile; fileRef = 5AC9E0D027E7829A0004324F /* ExerciseList_ButtonView.swift */; };
/* End PBXBuildFile section */

/* Begin PBXContainerItemProxy section */
		5A6D1A9D281AB05100E410B9 /* PBXContainerItemProxy */ = {
			isa = PBXContainerItemProxy;
			containerPortal = 5AA3BCDC27BE730100B86994 /* Project object */;
			proxyType = 1;
			remoteGlobalIDString = 5AA3BCE327BE730100B86994;
			remoteInfo = Trainable;
		};
		5A6D1AAC281AB3BA00E410B9 /* PBXContainerItemProxy */ = {
			isa = PBXContainerItemProxy;
			containerPortal = 5AA3BCDC27BE730100B86994 /* Project object */;
			proxyType = 1;
			remoteGlobalIDString = 5AA3BCE327BE730100B86994;
			remoteInfo = Trainable;
		};
/* End PBXContainerItemProxy section */

/* Begin PBXFileReference section */
		5A12558927E359EE0066DBCA /* bodyRegions_ButtonView.swift */ = {isa = PBXFileReference; lastKnownFileType = sourcecode.swift; path = bodyRegions_ButtonView.swift; sourceTree = "<group>"; };
		5A34AE5B27DA4E3D000842B9 /* ExerciseModel.swift */ = {isa = PBXFileReference; lastKnownFileType = sourcecode.swift; path = ExerciseModel.swift; sourceTree = "<group>"; };
		5A34AE5E27DA5153000842B9 /* StrengthBodyRegions.json */ = {isa = PBXFileReference; lastKnownFileType = text.json; path = StrengthBodyRegions.json; sourceTree = "<group>"; };
		5A34AE6127DA6902000842B9 /* JsonBundle.swift */ = {isa = PBXFileReference; lastKnownFileType = sourcecode.swift; path = JsonBundle.swift; sourceTree = "<group>"; };
		5A34AE6327DA695B000842B9 /* UIFunctions.swift */ = {isa = PBXFileReference; lastKnownFileType = sourcecode.swift; path = UIFunctions.swift; sourceTree = "<group>"; };
		5A353AAC27F434F2001E3652 /* LogDisclosureGroup_View.swift */ = {isa = PBXFileReference; lastKnownFileType = sourcecode.swift; path = LogDisclosureGroup_View.swift; sourceTree = "<group>"; };
		5A353AAE27F4B465001E3652 /* Notes.swift */ = {isa = PBXFileReference; lastKnownFileType = sourcecode.swift; path = Notes.swift; sourceTree = "<group>"; };
		5A614F8327EF2B45006FC375 /* YTPlayer_view.swift */ = {isa = PBXFileReference; lastKnownFileType = sourcecode.swift; path = YTPlayer_view.swift; sourceTree = "<group>"; };
		5A614F8527EF2C48006FC375 /* AsyncImage_view.swift */ = {isa = PBXFileReference; lastKnownFileType = sourcecode.swift; path = AsyncImage_view.swift; sourceTree = "<group>"; };
		5A614F8D27F321CB006FC375 /* Log_detailView.swift */ = {isa = PBXFileReference; lastKnownFileType = sourcecode.swift; path = Log_detailView.swift; sourceTree = "<group>"; };
		5A624C0527E164A80024899E /* WorkOutExercises.json */ = {isa = PBXFileReference; lastKnownFileType = text.json; path = WorkOutExercises.json; sourceTree = "<group>"; };
		5A6A713427C90980003EB4CF /* StrengthCategoryModel.swift */ = {isa = PBXFileReference; lastKnownFileType = sourcecode.swift; path = StrengthCategoryModel.swift; sourceTree = "<group>"; };
		5A6D1A99281AB05100E410B9 /* TrainableTests.xctest */ = {isa = PBXFileReference; explicitFileType = wrapper.cfbundle; includeInIndex = 0; path = TrainableTests.xctest; sourceTree = BUILT_PRODUCTS_DIR; };
		5A6D1A9B281AB05100E410B9 /* TrainableTests.swift */ = {isa = PBXFileReference; lastKnownFileType = sourcecode.swift; path = TrainableTests.swift; sourceTree = "<group>"; };
		5A6D1AA6281AB3BA00E410B9 /* TrainableUITests.xctest */ = {isa = PBXFileReference; explicitFileType = wrapper.cfbundle; includeInIndex = 0; path = TrainableUITests.xctest; sourceTree = BUILT_PRODUCTS_DIR; };
		5A6D1AA8281AB3BA00E410B9 /* TrainableUITests.swift */ = {isa = PBXFileReference; lastKnownFileType = sourcecode.swift; path = TrainableUITests.swift; sourceTree = "<group>"; };
		5A6D1AAA281AB3BA00E410B9 /* TrainableUITestsLaunchTests.swift */ = {isa = PBXFileReference; lastKnownFileType = sourcecode.swift; path = TrainableUITestsLaunchTests.swift; sourceTree = "<group>"; };
		5A70BF1C27C017FF00B3306D /* BodyRegionsListView.swift */ = {isa = PBXFileReference; lastKnownFileType = sourcecode.swift; path = BodyRegionsListView.swift; sourceTree = "<group>"; };
		5AA3BCE427BE730100B86994 /* Trainable.app */ = {isa = PBXFileReference; explicitFileType = wrapper.application; includeInIndex = 0; path = Trainable.app; sourceTree = BUILT_PRODUCTS_DIR; };
		5AA3BCE727BE730100B86994 /* TrainableApp.swift */ = {isa = PBXFileReference; lastKnownFileType = sourcecode.swift; path = TrainableApp.swift; sourceTree = "<group>"; };
		5AA3BCE927BE730100B86994 /* WorkOutCategoriesView.swift */ = {isa = PBXFileReference; lastKnownFileType = sourcecode.swift; path = WorkOutCategoriesView.swift; sourceTree = "<group>"; };
		5AA3BCEB27BE730200B86994 /* Assets.xcassets */ = {isa = PBXFileReference; lastKnownFileType = folder.assetcatalog; path = Assets.xcassets; sourceTree = "<group>"; };
		5AA3BCEE27BE730200B86994 /* Preview Assets.xcassets */ = {isa = PBXFileReference; lastKnownFileType = folder.assetcatalog; path = "Preview Assets.xcassets"; sourceTree = "<group>"; };
		5AA3BCF927BE770900B86994 /* TabNavView.swift */ = {isa = PBXFileReference; lastKnownFileType = sourcecode.swift; path = TabNavView.swift; sourceTree = "<group>"; };
		5AA3BCFB27BEA74400B86994 /* FoodCategoriesView.swift */ = {isa = PBXFileReference; lastKnownFileType = sourcecode.swift; path = FoodCategoriesView.swift; sourceTree = "<group>"; };
		5AA3BCFD27BEB4B000B86994 /* LogView.swift */ = {isa = PBXFileReference; lastKnownFileType = sourcecode.swift; path = LogView.swift; sourceTree = "<group>"; };
		5AA3BCFF27BEB4D100B86994 /* TimerView.swift */ = {isa = PBXFileReference; lastKnownFileType = sourcecode.swift; path = TimerView.swift; sourceTree = "<group>"; };
		5AA3BD0127BEB4E900B86994 /* ExercisesIdeaView.swift */ = {isa = PBXFileReference; lastKnownFileType = sourcecode.swift; path = ExercisesIdeaView.swift; sourceTree = "<group>"; };
		5ABCE94327CEC5F100E4CA8D /* ExercisesListView.swift */ = {isa = PBXFileReference; lastKnownFileType = sourcecode.swift; path = ExercisesListView.swift; sourceTree = "<group>"; };
		5ABCE94727CEC62800E4CA8D /* Exercise_DetailView.swift */ = {isa = PBXFileReference; lastKnownFileType = sourcecode.swift; path = Exercise_DetailView.swift; sourceTree = "<group>"; };
		5AC9E0D027E7829A0004324F /* ExerciseList_ButtonView.swift */ = {isa = PBXFileReference; lastKnownFileType = sourcecode.swift; path = ExerciseList_ButtonView.swift; sourceTree = "<group>"; };
/* End PBXFileReference section */

/* Begin PBXFrameworksBuildPhase section */
		5A6D1A96281AB05100E410B9 /* Frameworks */ = {
			isa = PBXFrameworksBuildPhase;
			buildActionMask = 2147483647;
			files = (
			);
			runOnlyForDeploymentPostprocessing = 0;
		};
		5A6D1AA3281AB3BA00E410B9 /* Frameworks */ = {
			isa = PBXFrameworksBuildPhase;
			buildActionMask = 2147483647;
			files = (
			);
			runOnlyForDeploymentPostprocessing = 0;
		};
		5AA3BCE127BE730100B86994 /* Frameworks */ = {
			isa = PBXFrameworksBuildPhase;
			buildActionMask = 2147483647;
			files = (
				5A0C47BD27EDB13C003CA803 /* YouTubePlayerKit in Frameworks */,
				5A614F8B27EF364E006FC375 /* SwiftUIPager in Frameworks */,
			);
			runOnlyForDeploymentPostprocessing = 0;
		};
/* End PBXFrameworksBuildPhase section */

/* Begin PBXGroup section */
		5A34AE5D27DA50E9000842B9 /* JSON */ = {
			isa = PBXGroup;
			children = (
				5A624C0527E164A80024899E /* WorkOutExercises.json */,
				5A34AE5E27DA5153000842B9 /* StrengthBodyRegions.json */,
			);
			path = JSON;
			sourceTree = "<group>";
		};
		5A34AE6027DA68DF000842B9 /* Extensions */ = {
			isa = PBXGroup;
			children = (
				5A34AE6127DA6902000842B9 /* JsonBundle.swift */,
				5A34AE6327DA695B000842B9 /* UIFunctions.swift */,
			);
			path = Extensions;
			sourceTree = "<group>";
		};
		5A614F8C27F32199006FC375 /* Log View */ = {
			isa = PBXGroup;
			children = (
				5A614F8D27F321CB006FC375 /* Log_detailView.swift */,
				5A353AAC27F434F2001E3652 /* LogDisclosureGroup_View.swift */,
			);
			path = "Log View";
			sourceTree = "<group>";
		};
		5A624C0427E162440024899E /* Exercises View */ = {
			isa = PBXGroup;
			children = (
				5ABCE94727CEC62800E4CA8D /* Exercise_DetailView.swift */,
				5ABCE94327CEC5F100E4CA8D /* ExercisesListView.swift */,
				5AC9E0D027E7829A0004324F /* ExerciseList_ButtonView.swift */,
				5A614F8327EF2B45006FC375 /* YTPlayer_view.swift */,
				5A614F8527EF2C48006FC375 /* AsyncImage_view.swift */,
			);
			path = "Exercises View";
			sourceTree = "<group>";
		};
		5A6D1A9A281AB05100E410B9 /* TrainableTests */ = {
			isa = PBXGroup;
			children = (
				5A6D1A9B281AB05100E410B9 /* TrainableTests.swift */,
			);
			path = TrainableTests;
			sourceTree = "<group>";
		};
		5A6D1AA7281AB3BA00E410B9 /* TrainableUITests */ = {
			isa = PBXGroup;
			children = (
				5A6D1AA8281AB3BA00E410B9 /* TrainableUITests.swift */,
				5A6D1AAA281AB3BA00E410B9 /* TrainableUITestsLaunchTests.swift */,
			);
			path = TrainableUITests;
			sourceTree = "<group>";
		};
		5A70BF1E27C0186B00B3306D /* Strengths View */ = {
			isa = PBXGroup;
			children = (
				5A70BF1C27C017FF00B3306D /* BodyRegionsListView.swift */,
				5A12558927E359EE0066DBCA /* bodyRegions_ButtonView.swift */,
			);
			path = "Strengths View";
			sourceTree = "<group>";
		};
		5AA3BCDB27BE730100B86994 = {
			isa = PBXGroup;
			children = (
				5AA3BCE627BE730100B86994 /* Trainable */,
				5A6D1A9A281AB05100E410B9 /* TrainableTests */,
				5A6D1AA7281AB3BA00E410B9 /* TrainableUITests */,
				5AA3BCE527BE730100B86994 /* Products */,
			);
			sourceTree = "<group>";
		};
		5AA3BCE527BE730100B86994 /* Products */ = {
			isa = PBXGroup;
			children = (
				5AA3BCE427BE730100B86994 /* Trainable.app */,
				5A6D1A99281AB05100E410B9 /* TrainableTests.xctest */,
				5A6D1AA6281AB3BA00E410B9 /* TrainableUITests.xctest */,
			);
			name = Products;
			sourceTree = "<group>";
		};
		5AA3BCE627BE730100B86994 /* Trainable */ = {
			isa = PBXGroup;
			children = (
				5A34AE6027DA68DF000842B9 /* Extensions */,
				5A34AE5D27DA50E9000842B9 /* JSON */,
				5AA3BCF527BE73B800B86994 /* Model */,
				5AA3BCF627BE73C200B86994 /* Views */,
				5AA3BCE727BE730100B86994 /* TrainableApp.swift */,
				5AA3BCEB27BE730200B86994 /* Assets.xcassets */,
				5AA3BCED27BE730200B86994 /* Preview Content */,
			);
			path = Trainable;
			sourceTree = "<group>";
		};
		5AA3BCED27BE730200B86994 /* Preview Content */ = {
			isa = PBXGroup;
			children = (
				5AA3BCEE27BE730200B86994 /* Preview Assets.xcassets */,
			);
			path = "Preview Content";
			sourceTree = "<group>";
		};
		5AA3BCF527BE73B800B86994 /* Model */ = {
			isa = PBXGroup;
			children = (
				5A6A713427C90980003EB4CF /* StrengthCategoryModel.swift */,
				5A34AE5B27DA4E3D000842B9 /* ExerciseModel.swift */,
				5A353AAE27F4B465001E3652 /* Notes.swift */,
			);
			path = Model;
			sourceTree = "<group>";
		};
		5AA3BCF627BE73C200B86994 /* Views */ = {
			isa = PBXGroup;
			children = (
				5A614F8C27F32199006FC375 /* Log View */,
				5A624C0427E162440024899E /* Exercises View */,
				5A70BF1E27C0186B00B3306D /* Strengths View */,
				5AA3BCE927BE730100B86994 /* WorkOutCategoriesView.swift */,
				5AA3BCFB27BEA74400B86994 /* FoodCategoriesView.swift */,
				5AA3BCFD27BEB4B000B86994 /* LogView.swift */,
				5AA3BCFF27BEB4D100B86994 /* TimerView.swift */,
				5AA3BD0127BEB4E900B86994 /* ExercisesIdeaView.swift */,
				5AA3BCF927BE770900B86994 /* TabNavView.swift */,
			);
			path = Views;
			sourceTree = "<group>";
		};
/* End PBXGroup section */

/* Begin PBXNativeTarget section */
		5A6D1A98281AB05100E410B9 /* TrainableTests */ = {
			isa = PBXNativeTarget;
			buildConfigurationList = 5A6D1AA1281AB05100E410B9 /* Build configuration list for PBXNativeTarget "TrainableTests" */;
			buildPhases = (
				5A6D1A95281AB05100E410B9 /* Sources */,
				5A6D1A96281AB05100E410B9 /* Frameworks */,
				5A6D1A97281AB05100E410B9 /* Resources */,
			);
			buildRules = (
			);
			dependencies = (
				5A6D1A9E281AB05100E410B9 /* PBXTargetDependency */,
			);
			name = TrainableTests;
			productName = TrainableTests;
			productReference = 5A6D1A99281AB05100E410B9 /* TrainableTests.xctest */;
			productType = "com.apple.product-type.bundle.unit-test";
		};
		5A6D1AA5281AB3BA00E410B9 /* TrainableUITests */ = {
			isa = PBXNativeTarget;
			buildConfigurationList = 5A6D1AAE281AB3BA00E410B9 /* Build configuration list for PBXNativeTarget "TrainableUITests" */;
			buildPhases = (
				5A6D1AA2281AB3BA00E410B9 /* Sources */,
				5A6D1AA3281AB3BA00E410B9 /* Frameworks */,
				5A6D1AA4281AB3BA00E410B9 /* Resources */,
			);
			buildRules = (
			);
			dependencies = (
				5A6D1AAD281AB3BA00E410B9 /* PBXTargetDependency */,
			);
			name = TrainableUITests;
			productName = TrainableUITests;
			productReference = 5A6D1AA6281AB3BA00E410B9 /* TrainableUITests.xctest */;
			productType = "com.apple.product-type.bundle.ui-testing";
		};
		5AA3BCE327BE730100B86994 /* Trainable */ = {
			isa = PBXNativeTarget;
			buildConfigurationList = 5AA3BCF227BE730200B86994 /* Build configuration list for PBXNativeTarget "Trainable" */;
			buildPhases = (
				5AA3BCE027BE730100B86994 /* Sources */,
				5AA3BCE127BE730100B86994 /* Frameworks */,
				5AA3BCE227BE730100B86994 /* Resources */,
			);
			buildRules = (
			);
			dependencies = (
			);
			name = Trainable;
			packageProductDependencies = (
				5A0C47BC27EDB13C003CA803 /* YouTubePlayerKit */,
				5A614F8A27EF364E006FC375 /* SwiftUIPager */,
			);
			productName = Trainable;
			productReference = 5AA3BCE427BE730100B86994 /* Trainable.app */;
			productType = "com.apple.product-type.application";
		};
/* End PBXNativeTarget section */

/* Begin PBXProject section */
		5AA3BCDC27BE730100B86994 /* Project object */ = {
			isa = PBXProject;
			attributes = {
				BuildIndependentTargetsInParallel = 1;
				LastSwiftUpdateCheck = 1330;
				LastUpgradeCheck = 1320;
				TargetAttributes = {
					5A6D1A98281AB05100E410B9 = {
						CreatedOnToolsVersion = 13.3.1;
						TestTargetID = 5AA3BCE327BE730100B86994;
					};
					5A6D1AA5281AB3BA00E410B9 = {
						CreatedOnToolsVersion = 13.3.1;
						TestTargetID = 5AA3BCE327BE730100B86994;
					};
					5AA3BCE327BE730100B86994 = {
						CreatedOnToolsVersion = 13.2.1;
					};
				};
			};
			buildConfigurationList = 5AA3BCDF27BE730100B86994 /* Build configuration list for PBXProject "Trainable" */;
			compatibilityVersion = "Xcode 13.0";
			developmentRegion = en;
			hasScannedForEncodings = 0;
			knownRegions = (
				en,
				Base,
			);
			mainGroup = 5AA3BCDB27BE730100B86994;
			packageReferences = (
				5A0C47BB27EDB13C003CA803 /* XCRemoteSwiftPackageReference "YouTubePlayerKit" */,
				5A614F8927EF364E006FC375 /* XCRemoteSwiftPackageReference "SwiftUIPager" */,
			);
			productRefGroup = 5AA3BCE527BE730100B86994 /* Products */;
			projectDirPath = "";
			projectRoot = "";
			targets = (
				5AA3BCE327BE730100B86994 /* Trainable */,
				5A6D1A98281AB05100E410B9 /* TrainableTests */,
				5A6D1AA5281AB3BA00E410B9 /* TrainableUITests */,
			);
		};
/* End PBXProject section */

/* Begin PBXResourcesBuildPhase section */
		5A6D1A97281AB05100E410B9 /* Resources */ = {
			isa = PBXResourcesBuildPhase;
			buildActionMask = 2147483647;
			files = (
			);
			runOnlyForDeploymentPostprocessing = 0;
		};
		5A6D1AA4281AB3BA00E410B9 /* Resources */ = {
			isa = PBXResourcesBuildPhase;
			buildActionMask = 2147483647;
			files = (
			);
			runOnlyForDeploymentPostprocessing = 0;
		};
		5AA3BCE227BE730100B86994 /* Resources */ = {
			isa = PBXResourcesBuildPhase;
			buildActionMask = 2147483647;
			files = (
				5A223F0E27E867F10020595D /* WorkOutExercises.json in Resources */,
				5A34AE5F27DA5153000842B9 /* StrengthBodyRegions.json in Resources */,
				5AA3BCEF27BE730200B86994 /* Preview Assets.xcassets in Resources */,
				5AA3BCEC27BE730200B86994 /* Assets.xcassets in Resources */,
			);
			runOnlyForDeploymentPostprocessing = 0;
		};
/* End PBXResourcesBuildPhase section */

/* Begin PBXSourcesBuildPhase section */
		5A6D1A95281AB05100E410B9 /* Sources */ = {
			isa = PBXSourcesBuildPhase;
			buildActionMask = 2147483647;
			files = (
				5A6D1A9C281AB05100E410B9 /* TrainableTests.swift in Sources */,
			);
			runOnlyForDeploymentPostprocessing = 0;
		};
		5A6D1AA2281AB3BA00E410B9 /* Sources */ = {
			isa = PBXSourcesBuildPhase;
			buildActionMask = 2147483647;
			files = (
				5A6D1AA9281AB3BA00E410B9 /* TrainableUITests.swift in Sources */,
				5A6D1AAB281AB3BA00E410B9 /* TrainableUITestsLaunchTests.swift in Sources */,
			);
			runOnlyForDeploymentPostprocessing = 0;
		};
		5AA3BCE027BE730100B86994 /* Sources */ = {
			isa = PBXSourcesBuildPhase;
			buildActionMask = 2147483647;
			files = (
				5A614F8627EF2C48006FC375 /* AsyncImage_view.swift in Sources */,
				5ABCE94427CEC5F100E4CA8D /* ExercisesListView.swift in Sources */,
				5A6A713527C90980003EB4CF /* StrengthCategoryModel.swift in Sources */,
				5AA3BD0027BEB4D100B86994 /* TimerView.swift in Sources */,
				5A34AE6427DA695B000842B9 /* UIFunctions.swift in Sources */,
				5ABCE94827CEC62800E4CA8D /* Exercise_DetailView.swift in Sources */,
				5A614F8E27F321CB006FC375 /* Log_detailView.swift in Sources */,
				5A624C0627E164A80024899E /* WorkOutExercises.json in Sources */,
				5A12558A27E359EE0066DBCA /* bodyRegions_ButtonView.swift in Sources */,
				5AA3BCFC27BEA74400B86994 /* FoodCategoriesView.swift in Sources */,
				5A353AAF27F4B465001E3652 /* Notes.swift in Sources */,
				5A614F8427EF2B45006FC375 /* YTPlayer_view.swift in Sources */,
				5AA3BCEA27BE730100B86994 /* WorkOutCategoriesView.swift in Sources */,
				5AA3BCFA27BE770900B86994 /* TabNavView.swift in Sources */,
				5AA3BCFE27BEB4B000B86994 /* LogView.swift in Sources */,
				5AA3BCE827BE730100B86994 /* TrainableApp.swift in Sources */,
				5A34AE5C27DA4E3D000842B9 /* ExerciseModel.swift in Sources */,
				5AC9E0D127E7829A0004324F /* ExerciseList_ButtonView.swift in Sources */,
				5A34AE6227DA6902000842B9 /* JsonBundle.swift in Sources */,
				5A353AAD27F434F2001E3652 /* LogDisclosureGroup_View.swift in Sources */,
				5AA3BD0227BEB4E900B86994 /* ExercisesIdeaView.swift in Sources */,
				5A70BF1D27C017FF00B3306D /* BodyRegionsListView.swift in Sources */,
			);
			runOnlyForDeploymentPostprocessing = 0;
		};
/* End PBXSourcesBuildPhase section */

/* Begin PBXTargetDependency section */
		5A6D1A9E281AB05100E410B9 /* PBXTargetDependency */ = {
			isa = PBXTargetDependency;
			target = 5AA3BCE327BE730100B86994 /* Trainable */;
			targetProxy = 5A6D1A9D281AB05100E410B9 /* PBXContainerItemProxy */;
		};
		5A6D1AAD281AB3BA00E410B9 /* PBXTargetDependency */ = {
			isa = PBXTargetDependency;
			target = 5AA3BCE327BE730100B86994 /* Trainable */;
			targetProxy = 5A6D1AAC281AB3BA00E410B9 /* PBXContainerItemProxy */;
		};
/* End PBXTargetDependency section */

/* Begin XCBuildConfiguration section */
		5A6D1A9F281AB05100E410B9 /* Debug */ = {
			isa = XCBuildConfiguration;
			buildSettings = {
				BUNDLE_LOADER = "$(TEST_HOST)";
				CODE_SIGN_STYLE = Automatic;
				CURRENT_PROJECT_VERSION = 1;
				DEVELOPMENT_TEAM = M269CBLT92;
				GENERATE_INFOPLIST_FILE = YES;
				IPHONEOS_DEPLOYMENT_TARGET = 15.4;
				MARKETING_VERSION = 1.0;
				PRODUCT_BUNDLE_IDENTIFIER = KGB.TrainableTests;
				PRODUCT_NAME = "$(TARGET_NAME)";
				SWIFT_EMIT_LOC_STRINGS = NO;
				SWIFT_VERSION = 5.0;
				TARGETED_DEVICE_FAMILY = "1,2";
				TEST_HOST = "$(BUILT_PRODUCTS_DIR)/Trainable.app/Trainable";
			};
			name = Debug;
		};
		5A6D1AA0281AB05100E410B9 /* Release */ = {
			isa = XCBuildConfiguration;
			buildSettings = {
				BUNDLE_LOADER = "$(TEST_HOST)";
				CODE_SIGN_STYLE = Automatic;
				CURRENT_PROJECT_VERSION = 1;
				DEVELOPMENT_TEAM = M269CBLT92;
				GENERATE_INFOPLIST_FILE = YES;
				IPHONEOS_DEPLOYMENT_TARGET = 15.4;
				MARKETING_VERSION = 1.0;
				PRODUCT_BUNDLE_IDENTIFIER = KGB.TrainableTests;
				PRODUCT_NAME = "$(TARGET_NAME)";
				SWIFT_EMIT_LOC_STRINGS = NO;
				SWIFT_VERSION = 5.0;
				TARGETED_DEVICE_FAMILY = "1,2";
				TEST_HOST = "$(BUILT_PRODUCTS_DIR)/Trainable.app/Trainable";
			};
			name = Release;
		};
		5A6D1AAF281AB3BA00E410B9 /* Debug */ = {
			isa = XCBuildConfiguration;
			buildSettings = {
				CODE_SIGN_STYLE = Automatic;
				CURRENT_PROJECT_VERSION = 1;
				DEVELOPMENT_TEAM = M269CBLT92;
				GENERATE_INFOPLIST_FILE = YES;
				IPHONEOS_DEPLOYMENT_TARGET = 15.4;
				MARKETING_VERSION = 1.0;
				PRODUCT_BUNDLE_IDENTIFIER = KGB.TrainableUITests;
				PRODUCT_NAME = "$(TARGET_NAME)";
				SWIFT_EMIT_LOC_STRINGS = NO;
				SWIFT_VERSION = 5.0;
				TARGETED_DEVICE_FAMILY = "1,2";
				TEST_TARGET_NAME = Trainable;
			};
			name = Debug;
		};
		5A6D1AB0281AB3BA00E410B9 /* Release */ = {
			isa = XCBuildConfiguration;
			buildSettings = {
				CODE_SIGN_STYLE = Automatic;
				CURRENT_PROJECT_VERSION = 1;
				DEVELOPMENT_TEAM = M269CBLT92;
				GENERATE_INFOPLIST_FILE = YES;
				IPHONEOS_DEPLOYMENT_TARGET = 15.4;
				MARKETING_VERSION = 1.0;
				PRODUCT_BUNDLE_IDENTIFIER = KGB.TrainableUITests;
				PRODUCT_NAME = "$(TARGET_NAME)";
				SWIFT_EMIT_LOC_STRINGS = NO;
				SWIFT_VERSION = 5.0;
				TARGETED_DEVICE_FAMILY = "1,2";
				TEST_TARGET_NAME = Trainable;
			};
			name = Release;
		};
		5AA3BCF027BE730200B86994 /* Debug */ = {
			isa = XCBuildConfiguration;
			buildSettings = {
				ALWAYS_SEARCH_USER_PATHS = NO;
				CLANG_ANALYZER_NONNULL = YES;
				CLANG_ANALYZER_NUMBER_OBJECT_CONVERSION = YES_AGGRESSIVE;
				CLANG_CXX_LANGUAGE_STANDARD = "gnu++17";
				CLANG_CXX_LIBRARY = "libc++";
				CLANG_ENABLE_MODULES = YES;
				CLANG_ENABLE_OBJC_ARC = YES;
				CLANG_ENABLE_OBJC_WEAK = YES;
				CLANG_WARN_BLOCK_CAPTURE_AUTORELEASING = YES;
				CLANG_WARN_BOOL_CONVERSION = YES;
				CLANG_WARN_COMMA = YES;
				CLANG_WARN_CONSTANT_CONVERSION = YES;
				CLANG_WARN_DEPRECATED_OBJC_IMPLEMENTATIONS = YES;
				CLANG_WARN_DIRECT_OBJC_ISA_USAGE = YES_ERROR;
				CLANG_WARN_DOCUMENTATION_COMMENTS = YES;
				CLANG_WARN_EMPTY_BODY = YES;
				CLANG_WARN_ENUM_CONVERSION = YES;
				CLANG_WARN_INFINITE_RECURSION = YES;
				CLANG_WARN_INT_CONVERSION = YES;
				CLANG_WARN_NON_LITERAL_NULL_CONVERSION = YES;
				CLANG_WARN_OBJC_IMPLICIT_RETAIN_SELF = YES;
				CLANG_WARN_OBJC_LITERAL_CONVERSION = YES;
				CLANG_WARN_OBJC_ROOT_CLASS = YES_ERROR;
				CLANG_WARN_QUOTED_INCLUDE_IN_FRAMEWORK_HEADER = YES;
				CLANG_WARN_RANGE_LOOP_ANALYSIS = YES;
				CLANG_WARN_STRICT_PROTOTYPES = YES;
				CLANG_WARN_SUSPICIOUS_MOVE = YES;
				CLANG_WARN_UNGUARDED_AVAILABILITY = YES_AGGRESSIVE;
				CLANG_WARN_UNREACHABLE_CODE = YES;
				CLANG_WARN__DUPLICATE_METHOD_MATCH = YES;
				COPY_PHASE_STRIP = NO;
				DEBUG_INFORMATION_FORMAT = dwarf;
				ENABLE_STRICT_OBJC_MSGSEND = YES;
				ENABLE_TESTABILITY = YES;
				GCC_C_LANGUAGE_STANDARD = gnu11;
				GCC_DYNAMIC_NO_PIC = NO;
				GCC_NO_COMMON_BLOCKS = YES;
				GCC_OPTIMIZATION_LEVEL = 0;
				GCC_PREPROCESSOR_DEFINITIONS = (
					"DEBUG=1",
					"$(inherited)",
				);
				GCC_WARN_64_TO_32_BIT_CONVERSION = YES;
				GCC_WARN_ABOUT_RETURN_TYPE = YES_ERROR;
				GCC_WARN_UNDECLARED_SELECTOR = YES;
				GCC_WARN_UNINITIALIZED_AUTOS = YES_AGGRESSIVE;
				GCC_WARN_UNUSED_FUNCTION = YES;
				GCC_WARN_UNUSED_VARIABLE = YES;
				IPHONEOS_DEPLOYMENT_TARGET = 15.2;
				MTL_ENABLE_DEBUG_INFO = INCLUDE_SOURCE;
				MTL_FAST_MATH = YES;
				ONLY_ACTIVE_ARCH = YES;
				SDKROOT = iphoneos;
				SWIFT_ACTIVE_COMPILATION_CONDITIONS = DEBUG;
				SWIFT_OPTIMIZATION_LEVEL = "-Onone";
			};
			name = Debug;
		};
		5AA3BCF127BE730200B86994 /* Release */ = {
			isa = XCBuildConfiguration;
			buildSettings = {
				ALWAYS_SEARCH_USER_PATHS = NO;
				CLANG_ANALYZER_NONNULL = YES;
				CLANG_ANALYZER_NUMBER_OBJECT_CONVERSION = YES_AGGRESSIVE;
				CLANG_CXX_LANGUAGE_STANDARD = "gnu++17";
				CLANG_CXX_LIBRARY = "libc++";
				CLANG_ENABLE_MODULES = YES;
				CLANG_ENABLE_OBJC_ARC = YES;
				CLANG_ENABLE_OBJC_WEAK = YES;
				CLANG_WARN_BLOCK_CAPTURE_AUTORELEASING = YES;
				CLANG_WARN_BOOL_CONVERSION = YES;
				CLANG_WARN_COMMA = YES;
				CLANG_WARN_CONSTANT_CONVERSION = YES;
				CLANG_WARN_DEPRECATED_OBJC_IMPLEMENTATIONS = YES;
				CLANG_WARN_DIRECT_OBJC_ISA_USAGE = YES_ERROR;
				CLANG_WARN_DOCUMENTATION_COMMENTS = YES;
				CLANG_WARN_EMPTY_BODY = YES;
				CLANG_WARN_ENUM_CONVERSION = YES;
				CLANG_WARN_INFINITE_RECURSION = YES;
				CLANG_WARN_INT_CONVERSION = YES;
				CLANG_WARN_NON_LITERAL_NULL_CONVERSION = YES;
				CLANG_WARN_OBJC_IMPLICIT_RETAIN_SELF = YES;
				CLANG_WARN_OBJC_LITERAL_CONVERSION = YES;
				CLANG_WARN_OBJC_ROOT_CLASS = YES_ERROR;
				CLANG_WARN_QUOTED_INCLUDE_IN_FRAMEWORK_HEADER = YES;
				CLANG_WARN_RANGE_LOOP_ANALYSIS = YES;
				CLANG_WARN_STRICT_PROTOTYPES = YES;
				CLANG_WARN_SUSPICIOUS_MOVE = YES;
				CLANG_WARN_UNGUARDED_AVAILABILITY = YES_AGGRESSIVE;
				CLANG_WARN_UNREACHABLE_CODE = YES;
				CLANG_WARN__DUPLICATE_METHOD_MATCH = YES;
				COPY_PHASE_STRIP = NO;
				DEBUG_INFORMATION_FORMAT = "dwarf-with-dsym";
				ENABLE_NS_ASSERTIONS = NO;
				ENABLE_STRICT_OBJC_MSGSEND = YES;
				GCC_C_LANGUAGE_STANDARD = gnu11;
				GCC_NO_COMMON_BLOCKS = YES;
				GCC_WARN_64_TO_32_BIT_CONVERSION = YES;
				GCC_WARN_ABOUT_RETURN_TYPE = YES_ERROR;
				GCC_WARN_UNDECLARED_SELECTOR = YES;
				GCC_WARN_UNINITIALIZED_AUTOS = YES_AGGRESSIVE;
				GCC_WARN_UNUSED_FUNCTION = YES;
				GCC_WARN_UNUSED_VARIABLE = YES;
				IPHONEOS_DEPLOYMENT_TARGET = 15.2;
				MTL_ENABLE_DEBUG_INFO = NO;
				MTL_FAST_MATH = YES;
				SDKROOT = iphoneos;
				SWIFT_COMPILATION_MODE = wholemodule;
				SWIFT_OPTIMIZATION_LEVEL = "-O";
				VALIDATE_PRODUCT = YES;
			};
			name = Release;
		};
		5AA3BCF327BE730200B86994 /* Debug */ = {
			isa = XCBuildConfiguration;
			buildSettings = {
				ASSETCATALOG_COMPILER_APPICON_NAME = AppIcon;
				ASSETCATALOG_COMPILER_GLOBAL_ACCENT_COLOR_NAME = AccentColor;
				CODE_SIGN_STYLE = Automatic;
				CURRENT_PROJECT_VERSION = 1;
				DEVELOPMENT_ASSET_PATHS = "\"Trainable/Preview Content\"";
				DEVELOPMENT_TEAM = M269CBLT92;
				ENABLE_PREVIEWS = YES;
				GENERATE_INFOPLIST_FILE = YES;
				INFOPLIST_KEY_UIApplicationSceneManifest_Generation = YES;
				INFOPLIST_KEY_UIApplicationSupportsIndirectInputEvents = YES;
				INFOPLIST_KEY_UILaunchScreen_Generation = YES;
				INFOPLIST_KEY_UISupportedInterfaceOrientations_iPad = "UIInterfaceOrientationPortrait UIInterfaceOrientationPortraitUpsideDown UIInterfaceOrientationLandscapeLeft UIInterfaceOrientationLandscapeRight";
				INFOPLIST_KEY_UISupportedInterfaceOrientations_iPhone = "UIInterfaceOrientationPortrait UIInterfaceOrientationLandscapeLeft UIInterfaceOrientationLandscapeRight";
				LD_RUNPATH_SEARCH_PATHS = (
					"$(inherited)",
					"@executable_path/Frameworks",
				);
				MARKETING_VERSION = 1.0;
				PRODUCT_BUNDLE_IDENTIFIER = KGB.Trainable;
				PRODUCT_NAME = "$(TARGET_NAME)";
				SWIFT_EMIT_LOC_STRINGS = YES;
				SWIFT_VERSION = 5.0;
				TARGETED_DEVICE_FAMILY = "1,2";
			};
			name = Debug;
		};
		5AA3BCF427BE730200B86994 /* Release */ = {
			isa = XCBuildConfiguration;
			buildSettings = {
				ASSETCATALOG_COMPILER_APPICON_NAME = AppIcon;
				ASSETCATALOG_COMPILER_GLOBAL_ACCENT_COLOR_NAME = AccentColor;
				CODE_SIGN_STYLE = Automatic;
				CURRENT_PROJECT_VERSION = 1;
				DEVELOPMENT_ASSET_PATHS = "\"Trainable/Preview Content\"";
				DEVELOPMENT_TEAM = M269CBLT92;
				ENABLE_PREVIEWS = YES;
				GENERATE_INFOPLIST_FILE = YES;
				INFOPLIST_KEY_UIApplicationSceneManifest_Generation = YES;
				INFOPLIST_KEY_UIApplicationSupportsIndirectInputEvents = YES;
				INFOPLIST_KEY_UILaunchScreen_Generation = YES;
				INFOPLIST_KEY_UISupportedInterfaceOrientations_iPad = "UIInterfaceOrientationPortrait UIInterfaceOrientationPortraitUpsideDown UIInterfaceOrientationLandscapeLeft UIInterfaceOrientationLandscapeRight";
				INFOPLIST_KEY_UISupportedInterfaceOrientations_iPhone = "UIInterfaceOrientationPortrait UIInterfaceOrientationLandscapeLeft UIInterfaceOrientationLandscapeRight";
				LD_RUNPATH_SEARCH_PATHS = (
					"$(inherited)",
					"@executable_path/Frameworks",
				);
				MARKETING_VERSION = 1.0;
				PRODUCT_BUNDLE_IDENTIFIER = KGB.Trainable;
				PRODUCT_NAME = "$(TARGET_NAME)";
				SWIFT_EMIT_LOC_STRINGS = YES;
				SWIFT_VERSION = 5.0;
				TARGETED_DEVICE_FAMILY = "1,2";
			};
			name = Release;
		};
/* End XCBuildConfiguration section */

/* Begin XCConfigurationList section */
		5A6D1AA1281AB05100E410B9 /* Build configuration list for PBXNativeTarget "TrainableTests" */ = {
			isa = XCConfigurationList;
			buildConfigurations = (
				5A6D1A9F281AB05100E410B9 /* Debug */,
				5A6D1AA0281AB05100E410B9 /* Release */,
			);
			defaultConfigurationIsVisible = 0;
			defaultConfigurationName = Release;
		};
		5A6D1AAE281AB3BA00E410B9 /* Build configuration list for PBXNativeTarget "TrainableUITests" */ = {
			isa = XCConfigurationList;
			buildConfigurations = (
				5A6D1AAF281AB3BA00E410B9 /* Debug */,
				5A6D1AB0281AB3BA00E410B9 /* Release */,
			);
			defaultConfigurationIsVisible = 0;
			defaultConfigurationName = Release;
		};
		5AA3BCDF27BE730100B86994 /* Build configuration list for PBXProject "Trainable" */ = {
			isa = XCConfigurationList;
			buildConfigurations = (
				5AA3BCF027BE730200B86994 /* Debug */,
				5AA3BCF127BE730200B86994 /* Release */,
			);
			defaultConfigurationIsVisible = 0;
			defaultConfigurationName = Release;
		};
		5AA3BCF227BE730200B86994 /* Build configuration list for PBXNativeTarget "Trainable" */ = {
			isa = XCConfigurationList;
			buildConfigurations = (
				5AA3BCF327BE730200B86994 /* Debug */,
				5AA3BCF427BE730200B86994 /* Release */,
			);
			defaultConfigurationIsVisible = 0;
			defaultConfigurationName = Release;
		};
/* End XCConfigurationList section */

/* Begin XCRemoteSwiftPackageReference section */
		5A0C47BB27EDB13C003CA803 /* XCRemoteSwiftPackageReference "YouTubePlayerKit" */ = {
			isa = XCRemoteSwiftPackageReference;
			repositoryURL = "https://github.com/SvenTiigi/YouTubePlayerKit.git";
			requirement = {
				kind = upToNextMajorVersion;
				minimumVersion = 1.0.0;
			};
		};
		5A614F8927EF364E006FC375 /* XCRemoteSwiftPackageReference "SwiftUIPager" */ = {
			isa = XCRemoteSwiftPackageReference;
			repositoryURL = "https://github.com/fermoya/SwiftUIPager.git";
			requirement = {
				branch = develop;
				kind = branch;
			};
		};
/* End XCRemoteSwiftPackageReference section */

/* Begin XCSwiftPackageProductDependency section */
		5A0C47BC27EDB13C003CA803 /* YouTubePlayerKit */ = {
			isa = XCSwiftPackageProductDependency;
			package = 5A0C47BB27EDB13C003CA803 /* XCRemoteSwiftPackageReference "YouTubePlayerKit" */;
			productName = YouTubePlayerKit;
		};
		5A614F8A27EF364E006FC375 /* SwiftUIPager */ = {
			isa = XCSwiftPackageProductDependency;
			package = 5A614F8927EF364E006FC375 /* XCRemoteSwiftPackageReference "SwiftUIPager" */;
			productName = SwiftUIPager;
		};
/* End XCSwiftPackageProductDependency section */
	};
	rootObject = 5AA3BCDC27BE730100B86994 /* Project object */;
}
